
Microsoft Visual Studio Solution File, Format Version 12.00
# Visual Studio Version 16
VisualStudioVersion = 16.0.30621.155
MinimumVisualStudioVersion = 10.0.40219.1
Project("{FAE04EC0-301F-11D3-BF4B-00C04F79EFBC}") = "csPro", "csPro\csPro.csproj", "{DACB73CA-49BC-47FF-91B2-DD859B98DD17}"
EndProject
Project("{9A19103F-16F7-4668-BE54-9A1E7A4F7556}") = "webApi", "webApi\webApi.csproj", "{09B968FC-62CD-47EA-B167-08E1B748D76E}"
EndProject
Project("{9A19103F-16F7-4668-BE54-9A1E7A4F7556}") = "webApiClient", "webApiClient\webApiClient.csproj", "{F40F37F4-A4E1-4FAA-8CD8-AF83B06842EE}"
EndProject
Project("{FAE04EC0-301F-11D3-BF4B-00C04F79EFBC}") = "ConsoleApp1", "ConsoleApp1\ConsoleApp1.csproj", "{21134789-BDBA-4CE7-AD60-B04A4C8D15B5}"
EndProject
Global
	GlobalSection(SolutionConfigurationPlatforms) = preSolution
		Debug|Any CPU = Debug|Any CPU
		Release|Any CPU = Release|Any CPU
	EndGlobalSection
	GlobalSection(ProjectConfigurationPlatforms) = postSolution
		{DACB73CA-49BC-47FF-91B2-DD859B98DD17}.Debug|Any CPU.ActiveCfg = Debug|Any CPU
		{DACB73CA-49BC-47FF-91B2-DD859B98DD17}.Debug|Any CPU.Build.0 = Debug|Any CPU
		{DACB73CA-49BC-47FF-91B2-DD859B98DD17}.Release|Any CPU.ActiveCfg = Release|Any CPU
		{DACB73CA-49BC-47FF-91B2-DD859B98DD17}.Release|Any CPU.Build.0 = Release|Any CPU
		{09B968FC-62CD-47EA-B167-08E1B748D76E}.Debug|Any CPU.ActiveCfg = Debug|Any CPU
		{09B968FC-62CD-47EA-B167-08E1B748D76E}.Debug|Any CPU.Build.0 = Debug|Any CPU
		{09B968FC-62CD-47EA-B167-08E1B748D76E}.Release|Any CPU.ActiveCfg = Release|Any CPU
		{09B968FC-62CD-47EA-B167-08E1B748D76E}.Release|Any CPU.Build.0 = Release|Any CPU
		{F40F37F4-A4E1-4FAA-8CD8-AF83B06842EE}.Debug|Any CPU.ActiveCfg = Debug|Any CPU
		{F40F37F4-A4E1-4FAA-8CD8-AF83B06842EE}.Debug|Any CPU.Build.0 = Debug|Any CPU
		{F40F37F4-A4E1-4FAA-8CD8-AF83B06842EE}.Release|Any CPU.ActiveCfg = Release|Any CPU
		{F40F37F4-A4E1-4FAA-8CD8-AF83B06842EE}.Release|Any CPU.Build.0 = Release|Any CPU
		{21134789-BDBA-4CE7-AD60-B04A4C8D15B5}.Debug|Any CPU.ActiveCfg = Debug|Any CPU
		{21134789-BDBA-4CE7-AD60-B04A4C8D15B5}.Debug|Any CPU.Build.0 = Debug|Any CPU
		{21134789-BDBA-4CE7-AD60-B04A4C8D15B5}.Release|Any CPU.ActiveCfg = Release|Any CPU
		{21134789-BDBA-4CE7-AD60-B04A4C8D15B5}.Release|Any CPU.Build.0 = Release|Any CPU
	EndGlobalSection
	GlobalSection(SolutionProperties) = preSolution
		HideSolutionNode = FALSE
	EndGlobalSection
	GlobalSection(ExtensibilityGlobals) = postSolution
		SolutionGuid = {4DFD3EB3-8C21-49D4-B8D9-F6A5525B74E8}
	EndGlobalSection
EndGlobal
